<?xml version="1.0" encoding="utf-8"?>
<Project ToolsVersion="4.0" xmlns="http://schemas.microsoft.com/developer/msbuild/2003">
  <ItemGroup>
    <Filter Include="Source Files">
      <UniqueIdentifier>{4FC737F1-C7A5-4376-A066-2A32D752A2FF}</UniqueIdentifier>
      <Extensions>cpp;c;cc;cxx;c++;cppm;ixx;def;odl;idl;hpj;bat;asm;asmx</Extensions>
    </Filter>
    <Filter Include="Resource Files">
      <UniqueIdentifier>{67DA6AB6-F800-4c08-8B7A-83BB121AAD01}</UniqueIdentifier>
      <Extensions>rc;ico;cur;bmp;dlg;rc2;rct;bin;rgs;gif;jpg;jpeg;jpe;resx;tiff;tif;png;wav;mfcribbon-ms</Extensions>
    </Filter>
    <Filter Include="Source Files\Engine">
      <UniqueIdentifier>{d1c28fe4-7a48-4320-97c1-dcdf9051692d}</UniqueIdentifier>
    </Filter>
    <Filter Include="Source Files\Engine\Vendor">
      <UniqueIdentifier>{3934a400-8796-4f7d-b581-9bf5a6ae2262}</UniqueIdentifier>
    </Filter>
    <Filter Include="Source Files\Games">
      <UniqueIdentifier>{0c37ba39-4c3a-4223-81f7-5dcb3f24e35d}</UniqueIdentifier>
    </Filter>
    <Filter Include="Source Files\Games\Epoch">
      <UniqueIdentifier>{c76d5947-442c-4ccb-9730-b2af600cfe5e}</UniqueIdentifier>
    </Filter>
    <Filter Include="Source Files\Games\Epoch\Probe">
      <UniqueIdentifier>{a4366545-b837-4e57-a399-6b5856f1a6b9}</UniqueIdentifier>
    </Filter>
    <Filter Include="Source Files\Games\Epoch\VM">
      <UniqueIdentifier>{8db0c52b-fa3c-4cd1-9826-2c3a381b8dd2}</UniqueIdentifier>
    </Filter>
    <Filter Include="Source Files\Games\Epoch\Dialog">
      <UniqueIdentifier>{9f9f001b-97ab-4e2c-909f-092f85a9d692}</UniqueIdentifier>
    </Filter>
    <Filter Include="Source Files\Engine\Scene">
      <UniqueIdentifier>{5b73e9ea-9368-4229-b459-945dab6796e8}</UniqueIdentifier>
    </Filter>
    <Filter Include="Source Files\Engine\Object">
      <UniqueIdentifier>{fcdca0f5-d852-4458-a978-659e4527fc60}</UniqueIdentifier>
    </Filter>
    <Filter Include="Source Files\Engine\Rendering">
      <UniqueIdentifier>{95ddeff1-8a9f-4bc2-8731-e6c1c72e7a7e}</UniqueIdentifier>
    </Filter>
  </ItemGroup>
  <ItemGroup>
    <ClCompile Include="src\Engine\vendor\glad\glad.c">
      <Filter>Source Files\Engine\Vendor</Filter>
    </ClCompile>
    <ClCompile Include="src\Engine\vendor\imgui\imgui.cpp">
      <Filter>Source Files\Engine\Vendor</Filter>
    </ClCompile>
    <ClCompile Include="src\Engine\vendor\imgui\imgui_demo.cpp">
      <Filter>Source Files\Engine\Vendor</Filter>
    </ClCompile>
    <ClCompile Include="src\Engine\vendor\imgui\imgui_draw.cpp">
      <Filter>Source Files\Engine\Vendor</Filter>
    </ClCompile>
    <ClCompile Include="src\Engine\vendor\imgui\imgui_tables.cpp">
      <Filter>Source Files\Engine\Vendor</Filter>
    </ClCompile>
    <ClCompile Include="src\Engine\vendor\imgui\imgui_widgets.cpp">
      <Filter>Source Files\Engine\Vendor</Filter>
    </ClCompile>
    <ClCompile Include="src\Engine\Camera.cpp">
      <Filter>Source Files\Engine</Filter>
    </ClCompile>
    <ClCompile Include="src\Engine\vendor\imgui\backends\imgui_impl_glfw.cpp">
      <Filter>Source Files\Engine\Vendor</Filter>
    </ClCompile>
    <ClCompile Include="src\Engine\vendor\imgui\backends\imgui_impl_opengl3.cpp">
      <Filter>Source Files\Engine\Vendor</Filter>
    </ClCompile>
    <ClCompile Include="src\main.cpp">
      <Filter>Source Files</Filter>
    </ClCompile>
    <ClCompile Include="src\Games\Epoch\Dialog\Dialog.cpp">
      <Filter>Source Files\Games\Epoch\Dialog</Filter>
    </ClCompile>
    <ClCompile Include="src\Games\Epoch\Probe\AttitudeControlModule.cpp">
      <Filter>Source Files\Games\Epoch\Probe</Filter>
    </ClCompile>
    <ClCompile Include="src\Games\Epoch\Probe\probe.cpp">
      <Filter>Source Files\Games\Epoch\Probe</Filter>
    </ClCompile>
    <ClCompile Include="src\Games\Epoch\VM\assembler.cpp">
      <Filter>Source Files\Games\Epoch\VM</Filter>
    </ClCompile>
    <ClCompile Include="src\Games\Epoch\VM\vm.cpp">
      <Filter>Source Files\Games\Epoch\VM</Filter>
    </ClCompile>
    <ClCompile Include="src\Games\Epoch\main_old.cpp">
      <Filter>Source Files\Games\Epoch</Filter>
    </ClCompile>
    <ClCompile Include="src\Games\Epoch\skybox.cpp">
      <Filter>Source Files\Games\Epoch</Filter>
    </ClCompile>
    <ClCompile Include="src\Games\Epoch\source_file.cpp">
      <Filter>Source Files\Games\Epoch</Filter>
    </ClCompile>
    <ClCompile Include="src\Games\Epoch\sprite.cpp">
      <Filter>Source Files\Games\Epoch</Filter>
    </ClCompile>
    <ClCompile Include="src\Games\Epoch\workstation.cpp">
      <Filter>Source Files\Games\Epoch</Filter>
    </ClCompile>
    <ClCompile Include="src\Engine\IGameModule.cpp">
      <Filter>Source Files\Engine</Filter>
    </ClCompile>
    <ClCompile Include="src\Engine\Nugget.cpp">
      <Filter>Source Files\Engine</Filter>
    </ClCompile>
    <ClCompile Include="src\Games\Epoch\Epoch.cpp">
      <Filter>Source Files\Games\Epoch</Filter>
    </ClCompile>
    <ClCompile Include="src\Engine\Object.cpp">
      <Filter>Source Files\Engine\Object</Filter>
    </ClCompile>
    <ClCompile Include="src\Engine\ObjectComponent.cpp">
      <Filter>Source Files\Engine\Object</Filter>
    </ClCompile>
    <ClCompile Include="src\Engine\Texture.cpp">
      <Filter>Source Files\Engine\Rendering</Filter>
    </ClCompile>
    <ClCompile Include="src\Engine\shader.cpp">
      <Filter>Source Files\Engine\Rendering</Filter>
    </ClCompile>
    <ClCompile Include="src\Engine\Mesh.cpp">
      <Filter>Source Files\Engine\Rendering</Filter>
    </ClCompile>
    <ClCompile Include="src\Engine\SimpleMesh.cpp">
      <Filter>Source Files\Engine\Rendering</Filter>
    </ClCompile>
    <ClCompile Include="src\Engine\Entity.cpp">
      <Filter>Source Files\Engine</Filter>
    </ClCompile>
    <ClCompile Include="src\Engine\SceneLoader.cpp">
      <Filter>Source Files\Engine\Scene</Filter>
    </ClCompile>
    <ClCompile Include="src\Engine\TextureManager.cpp">
      <Filter>Source Files\Engine\Rendering</Filter>
    </ClCompile>
    <ClCompile Include="src\Engine\SceneComponent.cpp">
      <Filter>Source Files\Engine\Scene</Filter>
    </ClCompile>
  </ItemGroup>
  <ItemGroup>
    <ClInclude Include="src\Engine\vendor\GLFW\glfw3.h">
      <Filter>Source Files\Engine\Vendor</Filter>
    </ClInclude>
    <ClInclude Include="src\Engine\vendor\GLFW\glfw3native.h">
      <Filter>Source Files\Engine\Vendor</Filter>
    </ClInclude>
    <ClInclude Include="src\Engine\vendor\imgui\imconfig.h">
      <Filter>Source Files\Engine\Vendor</Filter>
    </ClInclude>
    <ClInclude Include="src\Engine\vendor\imgui\imgui.h">
      <Filter>Source Files\Engine\Vendor</Filter>
    </ClInclude>
    <ClInclude Include="src\Engine\vendor\imgui\imgui_internal.h">
      <Filter>Source Files\Engine\Vendor</Filter>
    </ClInclude>
    <ClInclude Include="src\Engine\vendor\imgui\imstb_rectpack.h">
      <Filter>Source Files\Engine\Vendor</Filter>
    </ClInclude>
    <ClInclude Include="src\Engine\vendor\imgui\imstb_textedit.h">
      <Filter>Source Files\Engine\Vendor</Filter>
    </ClInclude>
    <ClInclude Include="src\Engine\vendor\imgui\imstb_truetype.h">
      <Filter>Source Files\Engine\Vendor</Filter>
    </ClInclude>
    <ClInclude Include="src\Engine\Camera.h">
      <Filter>Source Files\Engine</Filter>
    </ClInclude>
    <ClInclude Include="src\Engine\vendor\imgui\backends\imgui_impl_glfw.h">
      <Filter>Source Files\Engine\Vendor</Filter>
    </ClInclude>
    <ClInclude Include="src\Engine\vendor\imgui\backends\imgui_impl_opengl3.h">
      <Filter>Source Files\Engine\Vendor</Filter>
    </ClInclude>
    <ClInclude Include="src\Engine\vendor\imgui\backends\imgui_impl_opengl3_loader.h">
      <Filter>Source Files\Engine\Vendor</Filter>
    </ClInclude>
    <ClInclude Include="src\Games\Epoch\Dialog\Dialog.h">
      <Filter>Source Files\Games\Epoch\Dialog</Filter>
    </ClInclude>
    <ClInclude Include="src\Games\Epoch\Probe\AttitudeControlModule.h">
      <Filter>Source Files\Games\Epoch\Probe</Filter>
    </ClInclude>
    <ClInclude Include="src\Games\Epoch\Probe\MemoryMap.h">
      <Filter>Source Files\Games\Epoch\Probe</Filter>
    </ClInclude>
    <ClInclude Include="src\Games\Epoch\Probe\probe.h">
      <Filter>Source Files\Games\Epoch\Probe</Filter>
    </ClInclude>
    <ClInclude Include="src\Games\Epoch\VM\assembler.h">
      <Filter>Source Files\Games\Epoch\VM</Filter>
    </ClInclude>
    <ClInclude Include="src\Games\Epoch\VM\vm.h">
      <Filter>Source Files\Games\Epoch\VM</Filter>
    </ClInclude>
    <ClInclude Include="src\Games\Epoch\skybox.h">
      <Filter>Source Files\Games\Epoch</Filter>
    </ClInclude>
    <ClInclude Include="src\Games\Epoch\source_file.h">
      <Filter>Source Files\Games\Epoch</Filter>
    </ClInclude>
    <ClInclude Include="src\Games\Epoch\sprite.h">
      <Filter>Source Files\Games\Epoch</Filter>
    </ClInclude>
    <ClInclude Include="src\Games\Epoch\workstation.h">
      <Filter>Source Files\Games\Epoch</Filter>
    </ClInclude>
    <ClInclude Include="src\Engine\IGameModule.h">
      <Filter>Source Files\Engine</Filter>
    </ClInclude>
    <ClInclude Include="src\Engine\Nugget.h">
      <Filter>Source Files\Engine</Filter>
    </ClInclude>
    <ClInclude Include="src\Games\Epoch\Epoch.h">
      <Filter>Source Files\Games\Epoch</Filter>
    </ClInclude>
    <ClInclude Include="src\Engine\Object.h">
      <Filter>Source Files\Engine\Object</Filter>
    </ClInclude>
    <ClInclude Include="src\Engine\ObjectComponent.h">
      <Filter>Source Files\Engine\Object</Filter>
    </ClInclude>
    <ClInclude Include="src\Engine\Texture.h">
      <Filter>Source Files\Engine\Rendering</Filter>
    </ClInclude>
    <ClInclude Include="src\Engine\shader.h">
      <Filter>Source Files\Engine\Rendering</Filter>
    </ClInclude>
    <ClInclude Include="src\Engine\Mesh.h">
      <Filter>Source Files\Engine\Rendering</Filter>
    </ClInclude>
    <ClInclude Include="src\Engine\SimpleMesh.h">
      <Filter>Source Files\Engine\Rendering</Filter>
    </ClInclude>
    <ClInclude Include="src\Engine\Entity.h">
      <Filter>Source Files\Engine</Filter>
    </ClInclude>
    <ClInclude Include="src\Engine\SceneComponent.h">
      <Filter>Source Files\Engine\Scene</Filter>
    </ClInclude>
    <ClInclude Include="src\Engine\SceneLoader.h">
      <Filter>Source Files\Engine\Scene</Filter>
    </ClInclude>
    <ClInclude Include="src\Engine\TextureManager.h">
      <Filter>Source Files\Engine\Rendering</Filter>
    </ClInclude>
    <ClInclude Include="src\Engine\Singleton.h">
      <Filter>Source Files\Engine</Filter>
    </ClInclude>
  </ItemGroup>
  <ItemGroup>
    <None Include="glfw3.dll" />
  </ItemGroup>
  <ItemGroup>
    <Text Include="Story.txt" />
  </ItemGroup>
</Project>